
Microsoft Visual Studio Solution File, Format Version 12.00
# Visual Studio 15
VisualStudioVersion = 15.0.28307.421
MinimumVisualStudioVersion = 10.0.40219.1
Project("{FAE04EC0-301F-11D3-BF4B-00C04F79EFBC}") = "Test-SwapNoTemp", "Test-SwapNoTemp\Test-SwapNoTemp.csproj", "{669BC1B6-50DF-4C99-8E0B-1DA963D6E073}"
EndProject
Global
	GlobalSection(SolutionConfigurationPlatforms) = preSolution
		Debug|Any CPU = Debug|Any CPU
		Release|Any CPU = Release|Any CPU
	EndGlobalSection
	GlobalSection(ProjectConfigurationPlatforms) = postSolution
		{669BC1B6-50DF-4C99-8E0B-1DA963D6E073}.Debug|Any CPU.ActiveCfg = Debug|Any CPU
		{669BC1B6-50DF-4C99-8E0B-1DA963D6E073}.Debug|Any CPU.Build.0 = Debug|Any CPU
		{669BC1B6-50DF-4C99-8E0B-1DA963D6E073}.Release|Any CPU.ActiveCfg = Release|Any CPU
		{669BC1B6-50DF-4C99-8E0B-1DA963D6E073}.Release|Any CPU.Build.0 = Release|Any CPU
	EndGlobalSection
	GlobalSection(SolutionProperties) = preSolution
		HideSolutionNode = FALSE
	EndGlobalSection
	GlobalSection(ExtensibilityGlobals) = postSolution
		SolutionGuid = {8F073C7A-9D54-4BA3-BE04-99E97E702245}
	EndGlobalSection
EndGlobal
