
Microsoft Visual Studio Solution File, Format Version 12.00
# Visual Studio 15
VisualStudioVersion = 15.0.28307.421
MinimumVisualStudioVersion = 10.0.40219.1
Project("{FAE04EC0-301F-11D3-BF4B-00C04F79EFBC}") = "AddTheNumbers", "AddTheNumbers\AddTheNumbers.csproj", "{38EAE1D0-47E4-4057-8349-F42427163545}"
EndProject
Global
	GlobalSection(SolutionConfigurationPlatforms) = preSolution
		Debug|Any CPU = Debug|Any CPU
		Release|Any CPU = Release|Any CPU
	EndGlobalSection
	GlobalSection(ProjectConfigurationPlatforms) = postSolution
		{38EAE1D0-47E4-4057-8349-F42427163545}.Debug|Any CPU.ActiveCfg = Debug|Any CPU
		{38EAE1D0-47E4-4057-8349-F42427163545}.Debug|Any CPU.Build.0 = Debug|Any CPU
		{38EAE1D0-47E4-4057-8349-F42427163545}.Release|Any CPU.ActiveCfg = Release|Any CPU
		{38EAE1D0-47E4-4057-8349-F42427163545}.Release|Any CPU.Build.0 = Release|Any CPU
	EndGlobalSection
	GlobalSection(SolutionProperties) = preSolution
		HideSolutionNode = FALSE
	EndGlobalSection
	GlobalSection(ExtensibilityGlobals) = postSolution
		SolutionGuid = {89922EC3-77F0-4E24-86E8-B1693DAF8427}
	EndGlobalSection
EndGlobal
